Microsoft Visual Studio Solution File, Format Version 12.00
# Visual Studio Version 16
VisualStudioVersion = 16.0.29806.167
MinimumVisualStudioVersion = 10.0.40219.1
Project("{9A19103F-16F7-4668-BE54-9A1E7A4F7556}") = "AdobeSign.Rest", "src\AdobeSign.Rest\AdobeSign.Rest.csproj", "{92262A14-77FB-4333-BE53-B64052FFA3A4}"
EndProject
Project("{9A19103F-16F7-4668-BE54-9A1E7A4F7556}") = "AdobeSign.Rest.Test", "src\AdobeSign.Rest.Tests\AdobeSign.Rest.Test.csproj", "{F3505289-0106-4B60-B0ED-8D5515ECDA6F}"
EndProject
Global
	GlobalSection(SolutionConfigurationPlatforms) = preSolution
		Debug|Any CPU = Debug|Any CPU
		Release|Any CPU = Release|Any CPU
	EndGlobalSection
	GlobalSection(ProjectConfigurationPlatforms) = postSolution
		{92262A14-77FB-4333-BE53-B64052FFA3A4}.Debug|Any CPU.ActiveCfg = Debug|Any CPU
		{92262A14-77FB-4333-BE53-B64052FFA3A4}.Debug|Any CPU.Build.0 = Debug|Any CPU
		{92262A14-77FB-4333-BE53-B64052FFA3A4}.Release|Any CPU.ActiveCfg = Release|Any CPU
		{92262A14-77FB-4333-BE53-B64052FFA3A4}.Release|Any CPU.Build.0 = Release|Any CPU
		{F3505289-0106-4B60-B0ED-8D5515ECDA6F}.Debug|Any CPU.ActiveCfg = Debug|Any CPU
		{F3505289-0106-4B60-B0ED-8D5515ECDA6F}.Debug|Any CPU.Build.0 = Debug|Any CPU
		{F3505289-0106-4B60-B0ED-8D5515ECDA6F}.Release|Any CPU.ActiveCfg = Release|Any CPU
		{F3505289-0106-4B60-B0ED-8D5515ECDA6F}.Release|Any CPU.Build.0 = Release|Any CPU
	EndGlobalSection
	GlobalSection(SolutionProperties) = preSolution
		HideSolutionNode = FALSE
	EndGlobalSection
	GlobalSection(ExtensibilityGlobals) = postSolution
		SolutionGuid = {F60685CC-E439-43FA-8F35-97B3C017E8B3}
	EndGlobalSection
EndGlobal
